<?xml version="1.0" encoding="utf-8"?>
<Project ToolsVersion="4.0" xmlns="http://schemas.microsoft.com/developer/msbuild/2003">
  <ItemGroup>
    <Filter Include="源文件">
      <UniqueIdentifier>{4FC737F1-C7A5-4376-A066-2A32D752A2FF}</UniqueIdentifier>
      <Extensions>cpp;c;cc;cxx;def;odl;idl;hpj;bat;asm;asmx</Extensions>
    </Filter>
    <Filter Include="头文件">
      <UniqueIdentifier>{93995380-89BD-4b04-88EB-625FBE52EBFB}</UniqueIdentifier>
      <Extensions>h;hpp;hxx;hm;inl;inc;xsd</Extensions>
    </Filter>
    <Filter Include="资源文件">
      <UniqueIdentifier>{67DA6AB6-F800-4c08-8B7A-83BB121AAD01}</UniqueIdentifier>
      <Extensions>rc;ico;cur;bmp;dlg;rc2;rct;bin;rgs;gif;jpg;jpeg;jpe;resx;tiff;tif;png;wav;mfcribbon-ms</Extensions>
    </Filter>
    <Filter Include="Packet">
      <UniqueIdentifier>{4ba235c5-6717-4262-bb2e-a334a868a937}</UniqueIdentifier>
    </Filter>
    <Filter Include="Packet\Comm">
      <UniqueIdentifier>{6b960a2b-57b5-464d-8393-133e1ad17a62}</UniqueIdentifier>
    </Filter>
    <Filter Include="Packet\Program">
      <UniqueIdentifier>{86dc8423-00eb-44d8-b914-bd30edf3466f}</UniqueIdentifier>
    </Filter>
    <Filter Include="Helper">
      <UniqueIdentifier>{40cef46f-df1c-4f0d-ba04-a0980a578d04}</UniqueIdentifier>
    </Filter>
    <Filter Include="Packet\Protocal">
      <UniqueIdentifier>{cb636846-03b6-4042-afb7-de45290fad35}</UniqueIdentifier>
    </Filter>
    <Filter Include="Packet\Chip">
      <UniqueIdentifier>{95c0ec26-9b4b-4f6f-8408-def30111f976}</UniqueIdentifier>
    </Filter>
  </ItemGroup>
  <ItemGroup>
    <None Include="ReadMe.txt" />
  </ItemGroup>
  <ItemGroup>
    <ClInclude Include="stdafx.h">
      <Filter>头文件</Filter>
    </ClInclude>
    <ClInclude Include="targetver.h">
      <Filter>头文件</Filter>
    </ClInclude>
    <ClInclude Include="..\Include\SEMITouch.h">
      <Filter>头文件</Filter>
    </ClInclude>
    <ClInclude Include="Packet\Chip\Chip3536.h">
      <Filter>Packet\Chip</Filter>
    </ClInclude>
    <ClInclude Include="Packet\Chip\ChipBase.h">
      <Filter>Packet\Chip</Filter>
    </ClInclude>
    <ClInclude Include="Packet\RefSelf.h">
      <Filter>Packet</Filter>
    </ClInclude>
    <ClInclude Include="Packet\ChipWrapper.h">
      <Filter>Packet</Filter>
    </ClInclude>
    <ClInclude Include="..\Util\Header\onlinelog.h">
      <Filter>Helper</Filter>
    </ClInclude>
    <ClInclude Include="..\Util\Header\helper.h">
      <Filter>Helper</Filter>
    </ClInclude>
    <ClInclude Include="Packet\Chip\Chip3535.h">
      <Filter>Packet\Chip</Filter>
    </ClInclude>
    <ClInclude Include="Packet\Protocal\ProtocalMcap.h">
      <Filter>Packet\Protocal</Filter>
    </ClInclude>
    <ClInclude Include="Packet\Protocal\ProtocalScap.h">
      <Filter>Packet\Protocal</Filter>
    </ClInclude>
    <ClInclude Include="Packet\Protocal\Protocal.h">
      <Filter>Packet\Protocal</Filter>
    </ClInclude>
    <ClInclude Include="Packet\Chip\ChipMcap.h">
      <Filter>Packet\Chip</Filter>
    </ClInclude>
    <ClInclude Include="Packet\Chip\ChipScap.h">
      <Filter>Packet\Chip</Filter>
    </ClInclude>
    <ClInclude Include="Packet\Chip\Chip5816.h">
      <Filter>Packet\Chip</Filter>
    </ClInclude>
    <ClInclude Include="Packet\Chip\Chip5472.h">
      <Filter>Packet\Chip</Filter>
    </ClInclude>
    <ClInclude Include="Packet\Comm\CommAdb.h">
      <Filter>Packet\Comm</Filter>
    </ClInclude>
    <ClInclude Include="Packet\Comm\CommFake.h">
      <Filter>Packet\Comm</Filter>
    </ClInclude>
    <ClInclude Include="Packet\Comm\CommMtk.h">
      <Filter>Packet\Comm</Filter>
    </ClInclude>
    <ClInclude Include="Packet\Chip\Chip7449.h">
      <Filter>Packet\Chip</Filter>
    </ClInclude>
    <ClInclude Include="Packet\Chip\Chip5562.h">
      <Filter>Packet\Chip</Filter>
    </ClInclude>
    <ClInclude Include="Packet\Comm\CommHID.h">
      <Filter>Packet\Comm</Filter>
    </ClInclude>
    <ClInclude Include="Packet\Chip\Chip810.h">
      <Filter>Packet\Chip</Filter>
    </ClInclude>
    <ClInclude Include="Packet\Chip\Chip8006.h">
      <Filter>Packet\Chip</Filter>
    </ClInclude>
    <ClInclude Include="Packet\Chip\Chip7126.h">
      <Filter>Packet\Chip</Filter>
    </ClInclude>
    <ClInclude Include="Packet\Chip\Chip570.h">
      <Filter>Packet\Chip</Filter>
    </ClInclude>
    <ClInclude Include="Packet\Comm\CommAdbTHP.h">
      <Filter>Packet\Comm</Filter>
    </ClInclude>
    <ClInclude Include="Packet\Chip\Chip310.h">
      <Filter>Packet\Chip</Filter>
    </ClInclude>
  </ItemGroup>
  <ItemGroup>
    <ClCompile Include="stdafx.cpp">
      <Filter>源文件</Filter>
    </ClCompile>
    <ClCompile Include="SEMITouch.cpp">
      <Filter>源文件</Filter>
    </ClCompile>
    <ClCompile Include="dllmain.cpp">
      <Filter>源文件</Filter>
    </ClCompile>
    <ClCompile Include="Packet\Chip\Chip3536.cpp">
      <Filter>Packet\Chip</Filter>
    </ClCompile>
    <ClCompile Include="Packet\Comm\CommMtk.cpp">
      <Filter>Packet\Comm</Filter>
    </ClCompile>
    <ClCompile Include="Packet\Chip\ChipBase.cpp">
      <Filter>Packet\Chip</Filter>
    </ClCompile>
    <ClCompile Include="Packet\ChipWrapper.cpp">
      <Filter>Packet</Filter>
    </ClCompile>
    <ClCompile Include="..\Util\Realize\onlinelog.cpp">
      <Filter>Helper</Filter>
    </ClCompile>
    <ClCompile Include="..\Util\Realize\helper.cpp">
      <Filter>Helper</Filter>
    </ClCompile>
    <ClCompile Include="Packet\Chip\Chip3535.cpp">
      <Filter>Packet\Chip</Filter>
    </ClCompile>
    <ClCompile Include="Packet\Protocal\ProtocalMcap.cpp">
      <Filter>Packet\Protocal</Filter>
    </ClCompile>
    <ClCompile Include="Packet\Protocal\ProtocalScap.cpp">
      <Filter>Packet\Protocal</Filter>
    </ClCompile>
    <ClCompile Include="Packet\Protocal\Protocal.cpp">
      <Filter>Packet\Protocal</Filter>
    </ClCompile>
    <ClCompile Include="Packet\Chip\ChipMcap.cpp">
      <Filter>Packet\Chip</Filter>
    </ClCompile>
    <ClCompile Include="Packet\Chip\ChipScap.cpp">
      <Filter>Packet\Chip</Filter>
    </ClCompile>
    <ClCompile Include="Packet\Chip\Chip5816.cpp">
      <Filter>Packet\Chip</Filter>
    </ClCompile>
    <ClCompile Include="Packet\Chip\Chip5472.cpp">
      <Filter>Packet\Chip</Filter>
    </ClCompile>
    <ClCompile Include="Packet\Comm\CommAdb.cpp">
      <Filter>Packet\Comm</Filter>
    </ClCompile>
    <ClCompile Include="Packet\Comm\CommFake.cpp">
      <Filter>Packet\Comm</Filter>
    </ClCompile>
    <ClCompile Include="Packet\Chip\Chip7449.cpp">
      <Filter>Packet\Chip</Filter>
    </ClCompile>
    <ClCompile Include="Packet\Chip\Chip5562.cpp">
      <Filter>Packet\Chip</Filter>
    </ClCompile>
    <ClCompile Include="Packet\Comm\CommHID.cpp">
      <Filter>Packet\Comm</Filter>
    </ClCompile>
    <ClCompile Include="Packet\Chip\Chip810.cpp">
      <Filter>Packet\Chip</Filter>
    </ClCompile>
    <ClCompile Include="Packet\Chip\Chip8006.cpp">
      <Filter>Packet\Chip</Filter>
    </ClCompile>
    <ClCompile Include="Packet\Chip\Chip7126.cpp">
      <Filter>Packet\Chip</Filter>
    </ClCompile>
    <ClCompile Include="Packet\Chip\Chip570.cpp">
      <Filter>Packet\Chip</Filter>
    </ClCompile>
    <ClCompile Include="Packet\Comm\CommAdbTHP.cpp">
      <Filter>Packet\Comm</Filter>
    </ClCompile>
    <ClCompile Include="Packet\Chip\Chip310.cpp">
      <Filter>Packet\Chip</Filter>
    </ClCompile>
  </ItemGroup>
</Project>